
Microsoft Visual Studio Solution File, Format Version 12.00
# Visual Studio Version 17
VisualStudioVersion = 17.5.002.0
MinimumVisualStudioVersion = 10.0.40219.1
Project("{9A19103F-16F7-4668-BE54-9A1E7A4F7556}") = "PizzaStore", "PizzaStore\PizzaStore.csproj", "{49F29C1D-9B9E-4129-A235-FABBF1F664A1}"
EndProject
Project("{9A19103F-16F7-4668-BE54-9A1E7A4F7556}") = "PizzaStore (1)", "PizzaStore-Cors\PizzaStore.csproj", "{476CF1F5-900B-47EC-B854-D8DFC0D50DE2}"
EndProject
Global
	GlobalSection(SolutionConfigurationPlatforms) = preSolution
		Debug|Any CPU = Debug|Any CPU
		Release|Any CPU = Release|Any CPU
	EndGlobalSection
	GlobalSection(ProjectConfigurationPlatforms) = postSolution
		{49F29C1D-9B9E-4129-A235-FABBF1F664A1}.Debug|Any CPU.ActiveCfg = Debug|Any CPU
		{49F29C1D-9B9E-4129-A235-FABBF1F664A1}.Debug|Any CPU.Build.0 = Debug|Any CPU
		{49F29C1D-9B9E-4129-A235-FABBF1F664A1}.Release|Any CPU.ActiveCfg = Release|Any CPU
		{49F29C1D-9B9E-4129-A235-FABBF1F664A1}.Release|Any CPU.Build.0 = Release|Any CPU
		{476CF1F5-900B-47EC-B854-D8DFC0D50DE2}.Debug|Any CPU.ActiveCfg = Debug|Any CPU
		{476CF1F5-900B-47EC-B854-D8DFC0D50DE2}.Debug|Any CPU.Build.0 = Debug|Any CPU
		{476CF1F5-900B-47EC-B854-D8DFC0D50DE2}.Release|Any CPU.ActiveCfg = Release|Any CPU
		{476CF1F5-900B-47EC-B854-D8DFC0D50DE2}.Release|Any CPU.Build.0 = Release|Any CPU
	EndGlobalSection
	GlobalSection(SolutionProperties) = preSolution
		HideSolutionNode = FALSE
	EndGlobalSection
	GlobalSection(ExtensibilityGlobals) = postSolution
		SolutionGuid = {AF9F515B-9A30-41A2-84F7-43985C6FA940}
	EndGlobalSection
EndGlobal
